
Microsoft Visual Studio Solution File, Format Version 12.00
# Visual Studio Version 16
VisualStudioVersion = 16.0.30011.22
MinimumVisualStudioVersion = 10.0.40219.1
Project("{FAE04EC0-301F-11D3-BF4B-00C04F79EFBC}") = "CSVReaderTask", "CSVReaderTask\CSVReaderTask.csproj", "{6853FBAB-E2B7-4F35-9373-5788B7F230B5}"
EndProject
Global
	GlobalSection(SolutionConfigurationPlatforms) = preSolution
		Debug|Any CPU = Debug|Any CPU
		Release|Any CPU = Release|Any CPU
	EndGlobalSection
	GlobalSection(ProjectConfigurationPlatforms) = postSolution
		{6853FBAB-E2B7-4F35-9373-5788B7F230B5}.Debug|Any CPU.ActiveCfg = Debug|Any CPU
		{6853FBAB-E2B7-4F35-9373-5788B7F230B5}.Debug|Any CPU.Build.0 = Debug|Any CPU
		{6853FBAB-E2B7-4F35-9373-5788B7F230B5}.Release|Any CPU.ActiveCfg = Release|Any CPU
		{6853FBAB-E2B7-4F35-9373-5788B7F230B5}.Release|Any CPU.Build.0 = Release|Any CPU
	EndGlobalSection
	GlobalSection(SolutionProperties) = preSolution
		HideSolutionNode = FALSE
	EndGlobalSection
	GlobalSection(ExtensibilityGlobals) = postSolution
		SolutionGuid = {FF56EC52-2CCD-4847-8FC3-81F063E1A79C}
	EndGlobalSection
EndGlobal
